
Microsoft Visual Studio Solution File, Format Version 12.00
# Visual Studio Version 16
VisualStudioVersion = 16.0.33927.289
MinimumVisualStudioVersion = 10.0.40219.1
Project("{2150E333-8FDC-42A3-9474-1A3956D46DE8}") = "Task0", "Task0", "{10A5CE46-C7EE-443C-B16A-5247316ECA05}"
EndProject
Project("{FAE04EC0-301F-11D3-BF4B-00C04F79EFBC}") = "Tyuiu.RedikultsevaAA.Sprint0.Task0.V0", "Tyuiu.RedikultsevaAA.Sprint0.Task0.V0\Tyuiu.RedikultsevaAA.Sprint0.Task0.V0.csproj", "{3433709A-451F-4E3F-A762-EA4DCD5993DF}"
EndProject
Project("{2150E333-8FDC-42A3-9474-1A3956D46DE8}") = "Task1", "Task1", "{17BAE9D0-4E31-46EC-8501-5E9C26ECFAB8}"
EndProject
Project("{FAE04EC0-301F-11D3-BF4B-00C04F79EFBC}") = "Tyuiu.RedikultsevaAA.Sprint0.Task1.V0", "Tyuiu.RedikultsevaAA.Sprint0.Task1.V0\Tyuiu.RedikultsevaAA.Sprint0.Task1.V0.csproj", "{7B3F26B9-30FC-4EC7-876F-6916B6547B29}"
EndProject
Project("{2150E333-8FDC-42A3-9474-1A3956D46DE8}") = "Task2", "Task2", "{3A5CE51B-8B2A-428F-BE93-7818478078DD}"
EndProject
Project("{FAE04EC0-301F-11D3-BF4B-00C04F79EFBC}") = "Tyuiu.RedikultsevaAA.Sprint0.Task2.V0", "Tyuiu.RedikultsevaAA.Sprint0.Task2.V0\Tyuiu.RedikultsevaAA.Sprint0.Task2.V0.csproj", "{A52EC7EB-FDC1-4B6D-B220-0CF4A5FC081F}"
EndProject
Project("{FAE04EC0-301F-11D3-BF4B-00C04F79EFBC}") = "Tyuiu.RedikultsevaAA.Sprint0.Task2.V0.Lib", "Tyuiu.RedikultsevaAA.Sprint0.Task2.V0.Lib\Tyuiu.RedikultsevaAA.Sprint0.Task2.V0.Lib.csproj", "{F12BB430-7B72-4EA3-9637-18BA5D6C214D}"
EndProject
Project("{2150E333-8FDC-42A3-9474-1A3956D46DE8}") = "Task3", "Task3", "{528F885F-782C-467F-8B86-9C668F349F8F}"
EndProject
Project("{FAE04EC0-301F-11D3-BF4B-00C04F79EFBC}") = "Tyuiu.RedikultsevaAA.Sprint0.Task2.V0.Test", "Tyuiu.RedikultsevaAA.Sprint0.Task2.V0.Test\Tyuiu.RedikultsevaAA.Sprint0.Task2.V0.Test.csproj", "{920309D5-B958-4535-9021-26AC75877393}"
EndProject
Project("{FAE04EC0-301F-11D3-BF4B-00C04F79EFBC}") = "Tyuiu.RedikultsevaAA.Sprint0.Task3.V0", "Tyuiu.RedikultsevaAA.Sprint0.Task3.V0\Tyuiu.RedikultsevaAA.Sprint0.Task3.V0.csproj", "{920EEED6-2DD2-42B0-A996-E44E6F54BF86}"
EndProject
Project("{FAE04EC0-301F-11D3-BF4B-00C04F79EFBC}") = "Tyuiu.RedikultsevaAA.Sprint0.Task3.V0.Test", "Tyuiu.RedikultsevaAA.Sprint0.Task3.V0.Test\Tyuiu.RedikultsevaAA.Sprint0.Task3.V0.Test.csproj", "{D5288740-D002-459A-8B4E-88589A88E132}"
EndProject
Project("{FAE04EC0-301F-11D3-BF4B-00C04F79EFBC}") = "Tyuiu.RedikultsevaAA.Sprint0.Task3.V0.Lib", "Tyuiu.RedikultsevaAA.Sprint0.Task3.V0.Lib\Tyuiu.RedikultsevaAA.Sprint0.Task3.V0.Lib.csproj", "{62DC90E6-AF81-4AFF-B83C-D366D59CC24D}"
EndProject
Project("{2150E333-8FDC-42A3-9474-1A3956D46DE8}") = "Task4", "Task4", "{2FD8C48C-6D2E-492F-A5B5-9EA7A99C5C5C}"
EndProject
Project("{FAE04EC0-301F-11D3-BF4B-00C04F79EFBC}") = "Tyuiu.RedikultsevaAA.Sprint0.Task4.V0", "Tyuiu.RedikultsevaAA.Sprint0.Task4.V0\Tyuiu.RedikultsevaAA.Sprint0.Task4.V0.csproj", "{E11D6927-1403-44EF-98CB-5DD0D656C1EF}"
EndProject
Project("{FAE04EC0-301F-11D3-BF4B-00C04F79EFBC}") = "Tyuiu.RedikultsevaAA.Sprint0.Task4.V0.Lib", "Tyuiu.RedikultsevaAA.Sprint0.Task4.V0.Lib\Tyuiu.RedikultsevaAA.Sprint0.Task4.V0.Lib.csproj", "{9282CADA-22B1-4EF4-90EB-BD802F34734A}"
EndProject
Project("{FAE04EC0-301F-11D3-BF4B-00C04F79EFBC}") = "Tyuiu.RedikultsevaAA.Sprint0.Task4.V0.Test", "Tyuiu.RedikultsevaAA.Sprint0.Task4.V0.Test\Tyuiu.RedikultsevaAA.Sprint0.Task4.V0.Test.csproj", "{039B994F-C966-41AD-AF50-97A73809DDE4}"
EndProject
Project("{2150E333-8FDC-42A3-9474-1A3956D46DE8}") = "Task5", "Task5", "{C1B9EDE5-C956-47E2-BB83-B50BDED14B80}"
EndProject
Project("{FAE04EC0-301F-11D3-BF4B-00C04F79EFBC}") = "Tyuiu.RedikultsevaAA.Sprint0.Task5.V0", "Tyuiu.RedikultsevaAA.Sprint0.Task5.V0\Tyuiu.RedikultsevaAA.Sprint0.Task5.V0.csproj", "{745C30CA-CB18-4F60-99FC-9014EF6195B3}"
EndProject
Project("{FAE04EC0-301F-11D3-BF4B-00C04F79EFBC}") = "Tyuiu.RedikultsevaAA.Sprint0.Task5.V0.Test", "Tyuiu.RedikultsevaAA.Sprint0.Task5.V0.Test\Tyuiu.RedikultsevaAA.Sprint0.Task5.V0.Test.csproj", "{1B2E07B9-C5B7-4978-A661-EF9805D17375}"
EndProject
Project("{FAE04EC0-301F-11D3-BF4B-00C04F79EFBC}") = "Tyuiu.RedikultsevaAA.Sprint0.Task5.V0.Lib", "Tyuiu.RedikultsevaAA.Sprint0.Task5.V0.Lib\Tyuiu.RedikultsevaAA.Sprint0.Task5.V0.Lib.csproj", "{4EDE0654-BB85-4BAE-BB07-98A79718B5AC}"
EndProject
Project("{2150E333-8FDC-42A3-9474-1A3956D46DE8}") = "Task6", "Task6", "{EACB2084-85ED-423C-8D1E-C28A656C4879}"
EndProject
Project("{FAE04EC0-301F-11D3-BF4B-00C04F79EFBC}") = "Tyuiu.RedikultsevaAA.Sprint0.Task6.V0", "Tyuiu.RedikultsevaAA.Sprint0.Task6.V0\Tyuiu.RedikultsevaAA.Sprint0.Task6.V0.csproj", "{CF7BB1D7-D5F3-4390-934C-80524FFE5191}"
EndProject
Project("{FAE04EC0-301F-11D3-BF4B-00C04F79EFBC}") = "Tyuiu.RedikultsevaAA.Sprint0.Task6.V0.Lib", "Tyuiu.RedikultsevaAA.Sprint0.Task6.V0.Lib\Tyuiu.RedikultsevaAA.Sprint0.Task6.V0.Lib.csproj", "{EF6E0935-CB2D-44AA-B482-85BBEE219B64}"
EndProject
Project("{FAE04EC0-301F-11D3-BF4B-00C04F79EFBC}") = "Tyuiu.RedikultsevaAA.Sprint0.Task6.V0.Test", "Tyuiu.RedikultsevaAA.Sprint0.Task6.V0.Test\Tyuiu.RedikultsevaAA.Sprint0.Task6.V0.Test.csproj", "{5EEC5B53-1356-43DC-BE6E-84B869D13A86}"
EndProject
Project("{2150E333-8FDC-42A3-9474-1A3956D46DE8}") = "Task7", "Task7", "{2F3703A2-07C0-4F26-A672-AAEADB1A6D66}"
EndProject
Project("{FAE04EC0-301F-11D3-BF4B-00C04F79EFBC}") = "Tyuiu.RedikultsevaAA.Sprint0.Task7.V0", "Tyuiu.RedikultsevaAA.Sprint0.Task7.V0\Tyuiu.RedikultsevaAA.Sprint0.Task7.V0.csproj", "{0E2D3C77-FC3D-42B1-90A6-ADDC0A202323}"
EndProject
Project("{FAE04EC0-301F-11D3-BF4B-00C04F79EFBC}") = "Tyuiu.RedikultsevaAA.Sprint0.Task7.V0.Test", "Tyuiu.RedikultsevaAA.Sprint0.Task7.V0.Test\Tyuiu.RedikultsevaAA.Sprint0.Task7.V0.Test.csproj", "{EC998F91-D221-42FA-A982-12D06F5FB8F7}"
EndProject
Project("{FAE04EC0-301F-11D3-BF4B-00C04F79EFBC}") = "Tyuiu.RedikultsevaAA.Sprint0.Task7.V0.Lib", "Tyuiu.RedikultsevaAA.Sprint0.Task7.V0.Lib\Tyuiu.RedikultsevaAA.Sprint0.Task7.V0.Lib.csproj", "{6E35360A-8168-41C5-A5A3-C4BCC760C444}"
EndProject
Global
	GlobalSection(SolutionConfigurationPlatforms) = preSolution
		Debug|Any CPU = Debug|Any CPU
		Release|Any CPU = Release|Any CPU
	EndGlobalSection
	GlobalSection(ProjectConfigurationPlatforms) = postSolution
		{3433709A-451F-4E3F-A762-EA4DCD5993DF}.Debug|Any CPU.ActiveCfg = Debug|Any CPU
		{3433709A-451F-4E3F-A762-EA4DCD5993DF}.Debug|Any CPU.Build.0 = Debug|Any CPU
		{3433709A-451F-4E3F-A762-EA4DCD5993DF}.Release|Any CPU.ActiveCfg = Release|Any CPU
		{3433709A-451F-4E3F-A762-EA4DCD5993DF}.Release|Any CPU.Build.0 = Release|Any CPU
		{7B3F26B9-30FC-4EC7-876F-6916B6547B29}.Debug|Any CPU.ActiveCfg = Debug|Any CPU
		{7B3F26B9-30FC-4EC7-876F-6916B6547B29}.Debug|Any CPU.Build.0 = Debug|Any CPU
		{7B3F26B9-30FC-4EC7-876F-6916B6547B29}.Release|Any CPU.ActiveCfg = Release|Any CPU
		{7B3F26B9-30FC-4EC7-876F-6916B6547B29}.Release|Any CPU.Build.0 = Release|Any CPU
		{A52EC7EB-FDC1-4B6D-B220-0CF4A5FC081F}.Debug|Any CPU.ActiveCfg = Debug|Any CPU
		{A52EC7EB-FDC1-4B6D-B220-0CF4A5FC081F}.Debug|Any CPU.Build.0 = Debug|Any CPU
		{A52EC7EB-FDC1-4B6D-B220-0CF4A5FC081F}.Release|Any CPU.ActiveCfg = Release|Any CPU
		{A52EC7EB-FDC1-4B6D-B220-0CF4A5FC081F}.Release|Any CPU.Build.0 = Release|Any CPU
		{F12BB430-7B72-4EA3-9637-18BA5D6C214D}.Debug|Any CPU.ActiveCfg = Debug|Any CPU
		{F12BB430-7B72-4EA3-9637-18BA5D6C214D}.Debug|Any CPU.Build.0 = Debug|Any CPU
		{F12BB430-7B72-4EA3-9637-18BA5D6C214D}.Release|Any CPU.ActiveCfg = Release|Any CPU
		{F12BB430-7B72-4EA3-9637-18BA5D6C214D}.Release|Any CPU.Build.0 = Release|Any CPU
		{920309D5-B958-4535-9021-26AC75877393}.Debug|Any CPU.ActiveCfg = Debug|Any CPU
		{920309D5-B958-4535-9021-26AC75877393}.Debug|Any CPU.Build.0 = Debug|Any CPU
		{920309D5-B958-4535-9021-26AC75877393}.Release|Any CPU.ActiveCfg = Release|Any CPU
		{920309D5-B958-4535-9021-26AC75877393}.Release|Any CPU.Build.0 = Release|Any CPU
		{920EEED6-2DD2-42B0-A996-E44E6F54BF86}.Debug|Any CPU.ActiveCfg = Debug|Any CPU
		{920EEED6-2DD2-42B0-A996-E44E6F54BF86}.Debug|Any CPU.Build.0 = Debug|Any CPU
		{920EEED6-2DD2-42B0-A996-E44E6F54BF86}.Release|Any CPU.ActiveCfg = Release|Any CPU
		{920EEED6-2DD2-42B0-A996-E44E6F54BF86}.Release|Any CPU.Build.0 = Release|Any CPU
		{D5288740-D002-459A-8B4E-88589A88E132}.Debug|Any CPU.ActiveCfg = Debug|Any CPU
		{D5288740-D002-459A-8B4E-88589A88E132}.Debug|Any CPU.Build.0 = Debug|Any CPU
		{D5288740-D002-459A-8B4E-88589A88E132}.Release|Any CPU.ActiveCfg = Release|Any CPU
		{D5288740-D002-459A-8B4E-88589A88E132}.Release|Any CPU.Build.0 = Release|Any CPU
		{62DC90E6-AF81-4AFF-B83C-D366D59CC24D}.Debug|Any CPU.ActiveCfg = Debug|Any CPU
		{62DC90E6-AF81-4AFF-B83C-D366D59CC24D}.Debug|Any CPU.Build.0 = Debug|Any CPU
		{62DC90E6-AF81-4AFF-B83C-D366D59CC24D}.Release|Any CPU.ActiveCfg = Release|Any CPU
		{62DC90E6-AF81-4AFF-B83C-D366D59CC24D}.Release|Any CPU.Build.0 = Release|Any CPU
		{E11D6927-1403-44EF-98CB-5DD0D656C1EF}.Debug|Any CPU.ActiveCfg = Debug|Any CPU
		{E11D6927-1403-44EF-98CB-5DD0D656C1EF}.Debug|Any CPU.Build.0 = Debug|Any CPU
		{E11D6927-1403-44EF-98CB-5DD0D656C1EF}.Release|Any CPU.ActiveCfg = Release|Any CPU
		{E11D6927-1403-44EF-98CB-5DD0D656C1EF}.Release|Any CPU.Build.0 = Release|Any CPU
		{9282CADA-22B1-4EF4-90EB-BD802F34734A}.Debug|Any CPU.ActiveCfg = Debug|Any CPU
		{9282CADA-22B1-4EF4-90EB-BD802F34734A}.Debug|Any CPU.Build.0 = Debug|Any CPU
		{9282CADA-22B1-4EF4-90EB-BD802F34734A}.Release|Any CPU.ActiveCfg = Release|Any CPU
		{9282CADA-22B1-4EF4-90EB-BD802F34734A}.Release|Any CPU.Build.0 = Release|Any CPU
		{039B994F-C966-41AD-AF50-97A73809DDE4}.Debug|Any CPU.ActiveCfg = Debug|Any CPU
		{039B994F-C966-41AD-AF50-97A73809DDE4}.Debug|Any CPU.Build.0 = Debug|Any CPU
		{039B994F-C966-41AD-AF50-97A73809DDE4}.Release|Any CPU.ActiveCfg = Release|Any CPU
		{039B994F-C966-41AD-AF50-97A73809DDE4}.Release|Any CPU.Build.0 = Release|Any CPU
		{745C30CA-CB18-4F60-99FC-9014EF6195B3}.Debug|Any CPU.ActiveCfg = Debug|Any CPU
		{745C30CA-CB18-4F60-99FC-9014EF6195B3}.Debug|Any CPU.Build.0 = Debug|Any CPU
		{745C30CA-CB18-4F60-99FC-9014EF6195B3}.Release|Any CPU.ActiveCfg = Release|Any CPU
		{745C30CA-CB18-4F60-99FC-9014EF6195B3}.Release|Any CPU.Build.0 = Release|Any CPU
		{1B2E07B9-C5B7-4978-A661-EF9805D17375}.Debug|Any CPU.ActiveCfg = Debug|Any CPU
		{1B2E07B9-C5B7-4978-A661-EF9805D17375}.Debug|Any CPU.Build.0 = Debug|Any CPU
		{1B2E07B9-C5B7-4978-A661-EF9805D17375}.Release|Any CPU.ActiveCfg = Release|Any CPU
		{1B2E07B9-C5B7-4978-A661-EF9805D17375}.Release|Any CPU.Build.0 = Release|Any CPU
		{4EDE0654-BB85-4BAE-BB07-98A79718B5AC}.Debug|Any CPU.ActiveCfg = Debug|Any CPU
		{4EDE0654-BB85-4BAE-BB07-98A79718B5AC}.Debug|Any CPU.Build.0 = Debug|Any CPU
		{4EDE0654-BB85-4BAE-BB07-98A79718B5AC}.Release|Any CPU.ActiveCfg = Release|Any CPU
		{4EDE0654-BB85-4BAE-BB07-98A79718B5AC}.Release|Any CPU.Build.0 = Release|Any CPU
		{CF7BB1D7-D5F3-4390-934C-80524FFE5191}.Debug|Any CPU.ActiveCfg = Debug|Any CPU
		{CF7BB1D7-D5F3-4390-934C-80524FFE5191}.Debug|Any CPU.Build.0 = Debug|Any CPU
		{CF7BB1D7-D5F3-4390-934C-80524FFE5191}.Release|Any CPU.ActiveCfg = Release|Any CPU
		{CF7BB1D7-D5F3-4390-934C-80524FFE5191}.Release|Any CPU.Build.0 = Release|Any CPU
		{EF6E0935-CB2D-44AA-B482-85BBEE219B64}.Debug|Any CPU.ActiveCfg = Debug|Any CPU
		{EF6E0935-CB2D-44AA-B482-85BBEE219B64}.Debug|Any CPU.Build.0 = Debug|Any CPU
		{EF6E0935-CB2D-44AA-B482-85BBEE219B64}.Release|Any CPU.ActiveCfg = Release|Any CPU
		{EF6E0935-CB2D-44AA-B482-85BBEE219B64}.Release|Any CPU.Build.0 = Release|Any CPU
		{5EEC5B53-1356-43DC-BE6E-84B869D13A86}.Debug|Any CPU.ActiveCfg = Debug|Any CPU
		{5EEC5B53-1356-43DC-BE6E-84B869D13A86}.Debug|Any CPU.Build.0 = Debug|Any CPU
		{5EEC5B53-1356-43DC-BE6E-84B869D13A86}.Release|Any CPU.ActiveCfg = Release|Any CPU
		{5EEC5B53-1356-43DC-BE6E-84B869D13A86}.Release|Any CPU.Build.0 = Release|Any CPU
		{0E2D3C77-FC3D-42B1-90A6-ADDC0A202323}.Debug|Any CPU.ActiveCfg = Debug|Any CPU
		{0E2D3C77-FC3D-42B1-90A6-ADDC0A202323}.Debug|Any CPU.Build.0 = Debug|Any CPU
		{0E2D3C77-FC3D-42B1-90A6-ADDC0A202323}.Release|Any CPU.ActiveCfg = Release|Any CPU
		{0E2D3C77-FC3D-42B1-90A6-ADDC0A202323}.Release|Any CPU.Build.0 = Release|Any CPU
		{EC998F91-D221-42FA-A982-12D06F5FB8F7}.Debug|Any CPU.ActiveCfg = Debug|Any CPU
		{EC998F91-D221-42FA-A982-12D06F5FB8F7}.Debug|Any CPU.Build.0 = Debug|Any CPU
		{EC998F91-D221-42FA-A982-12D06F5FB8F7}.Release|Any CPU.ActiveCfg = Release|Any CPU
		{EC998F91-D221-42FA-A982-12D06F5FB8F7}.Release|Any CPU.Build.0 = Release|Any CPU
		{6E35360A-8168-41C5-A5A3-C4BCC760C444}.Debug|Any CPU.ActiveCfg = Debug|Any CPU
		{6E35360A-8168-41C5-A5A3-C4BCC760C444}.Debug|Any CPU.Build.0 = Debug|Any CPU
		{6E35360A-8168-41C5-A5A3-C4BCC760C444}.Release|Any CPU.ActiveCfg = Release|Any CPU
		{6E35360A-8168-41C5-A5A3-C4BCC760C444}.Release|Any CPU.Build.0 = Release|Any CPU
	EndGlobalSection
	GlobalSection(SolutionProperties) = preSolution
		HideSolutionNode = FALSE
	EndGlobalSection
	GlobalSection(NestedProjects) = preSolution
		{3433709A-451F-4E3F-A762-EA4DCD5993DF} = {10A5CE46-C7EE-443C-B16A-5247316ECA05}
		{7B3F26B9-30FC-4EC7-876F-6916B6547B29} = {17BAE9D0-4E31-46EC-8501-5E9C26ECFAB8}
		{A52EC7EB-FDC1-4B6D-B220-0CF4A5FC081F} = {3A5CE51B-8B2A-428F-BE93-7818478078DD}
		{F12BB430-7B72-4EA3-9637-18BA5D6C214D} = {3A5CE51B-8B2A-428F-BE93-7818478078DD}
		{920309D5-B958-4535-9021-26AC75877393} = {3A5CE51B-8B2A-428F-BE93-7818478078DD}
		{920EEED6-2DD2-42B0-A996-E44E6F54BF86} = {528F885F-782C-467F-8B86-9C668F349F8F}
		{D5288740-D002-459A-8B4E-88589A88E132} = {528F885F-782C-467F-8B86-9C668F349F8F}
		{62DC90E6-AF81-4AFF-B83C-D366D59CC24D} = {528F885F-782C-467F-8B86-9C668F349F8F}
		{E11D6927-1403-44EF-98CB-5DD0D656C1EF} = {2FD8C48C-6D2E-492F-A5B5-9EA7A99C5C5C}
		{9282CADA-22B1-4EF4-90EB-BD802F34734A} = {2FD8C48C-6D2E-492F-A5B5-9EA7A99C5C5C}
		{039B994F-C966-41AD-AF50-97A73809DDE4} = {2FD8C48C-6D2E-492F-A5B5-9EA7A99C5C5C}
		{745C30CA-CB18-4F60-99FC-9014EF6195B3} = {C1B9EDE5-C956-47E2-BB83-B50BDED14B80}
		{1B2E07B9-C5B7-4978-A661-EF9805D17375} = {C1B9EDE5-C956-47E2-BB83-B50BDED14B80}
		{4EDE0654-BB85-4BAE-BB07-98A79718B5AC} = {C1B9EDE5-C956-47E2-BB83-B50BDED14B80}
		{CF7BB1D7-D5F3-4390-934C-80524FFE5191} = {EACB2084-85ED-423C-8D1E-C28A656C4879}
		{EF6E0935-CB2D-44AA-B482-85BBEE219B64} = {EACB2084-85ED-423C-8D1E-C28A656C4879}
		{5EEC5B53-1356-43DC-BE6E-84B869D13A86} = {EACB2084-85ED-423C-8D1E-C28A656C4879}
		{0E2D3C77-FC3D-42B1-90A6-ADDC0A202323} = {2F3703A2-07C0-4F26-A672-AAEADB1A6D66}
		{EC998F91-D221-42FA-A982-12D06F5FB8F7} = {2F3703A2-07C0-4F26-A672-AAEADB1A6D66}
		{6E35360A-8168-41C5-A5A3-C4BCC760C444} = {2F3703A2-07C0-4F26-A672-AAEADB1A6D66}
	EndGlobalSection
	GlobalSection(ExtensibilityGlobals) = postSolution
		SolutionGuid = {04D7B2E9-AB54-40D0-93BE-176E224F1A82}
	EndGlobalSection
EndGlobal
