
Microsoft Visual Studio Solution File, Format Version 12.00
# Visual Studio Version 16
VisualStudioVersion = 16.0.33927.289
MinimumVisualStudioVersion = 10.0.40219.1
Project("{2150E333-8FDC-42A3-9474-1A3956D46DE8}") = "Task0", "Task0", "{10A5CE46-C7EE-443C-B16A-5247316ECA05}"
EndProject
Project("{FAE04EC0-301F-11D3-BF4B-00C04F79EFBC}") = "Tyuiu.RedikultsevaAA.Sprint0.Task0.V0", "Tyuiu.RedikultsevaAA.Sprint0.Task0.V0\Tyuiu.RedikultsevaAA.Sprint0.Task0.V0.csproj", "{3433709A-451F-4E3F-A762-EA4DCD5993DF}"
EndProject
Project("{2150E333-8FDC-42A3-9474-1A3956D46DE8}") = "Task1", "Task1", "{17BAE9D0-4E31-46EC-8501-5E9C26ECFAB8}"
EndProject
Project("{FAE04EC0-301F-11D3-BF4B-00C04F79EFBC}") = "Tyuiu.RedikultsevaAA.Sprint0.Task1.V0", "Tyuiu.RedikultsevaAA.Sprint0.Task1.V0\Tyuiu.RedikultsevaAA.Sprint0.Task1.V0.csproj", "{7B3F26B9-30FC-4EC7-876F-6916B6547B29}"
EndProject
Project("{2150E333-8FDC-42A3-9474-1A3956D46DE8}") = "Task2", "Task2", "{3A5CE51B-8B2A-428F-BE93-7818478078DD}"
EndProject
Project("{FAE04EC0-301F-11D3-BF4B-00C04F79EFBC}") = "Tyuiu.RedikultsevaAA.Sprint0.Task2.V0", "Tyuiu.RedikultsevaAA.Sprint0.Task2.V0\Tyuiu.RedikultsevaAA.Sprint0.Task2.V0.csproj", "{A52EC7EB-FDC1-4B6D-B220-0CF4A5FC081F}"
EndProject
Project("{FAE04EC0-301F-11D3-BF4B-00C04F79EFBC}") = "Tyuiu.RedikultsevaAA.Sprint0.Task2.V0.Lib", "Tyuiu.RedikultsevaAA.Sprint0.Task2.V0.Lib\Tyuiu.RedikultsevaAA.Sprint0.Task2.V0.Lib.csproj", "{F12BB430-7B72-4EA3-9637-18BA5D6C214D}"
EndProject
Project("{FAE04EC0-301F-11D3-BF4B-00C04F79EFBC}") = "Tyuiu.RedikultsevaAA.Sprint0.Task2.V0.Test", "Tyuiu.RedikultsevaAA.Sprint0.Test2.V0.Test\Tyuiu.RedikultsevaAA.Sprint0.Task2.V0.Test.csproj", "{0CADBC98-C547-4233-94E7-500F2D3CCF08}"
EndProject
Global
	GlobalSection(SolutionConfigurationPlatforms) = preSolution
		Debug|Any CPU = Debug|Any CPU
		Release|Any CPU = Release|Any CPU
	EndGlobalSection
	GlobalSection(ProjectConfigurationPlatforms) = postSolution
		{3433709A-451F-4E3F-A762-EA4DCD5993DF}.Debug|Any CPU.ActiveCfg = Debug|Any CPU
		{3433709A-451F-4E3F-A762-EA4DCD5993DF}.Debug|Any CPU.Build.0 = Debug|Any CPU
		{3433709A-451F-4E3F-A762-EA4DCD5993DF}.Release|Any CPU.ActiveCfg = Release|Any CPU
		{3433709A-451F-4E3F-A762-EA4DCD5993DF}.Release|Any CPU.Build.0 = Release|Any CPU
		{7B3F26B9-30FC-4EC7-876F-6916B6547B29}.Debug|Any CPU.ActiveCfg = Debug|Any CPU
		{7B3F26B9-30FC-4EC7-876F-6916B6547B29}.Debug|Any CPU.Build.0 = Debug|Any CPU
		{7B3F26B9-30FC-4EC7-876F-6916B6547B29}.Release|Any CPU.ActiveCfg = Release|Any CPU
		{7B3F26B9-30FC-4EC7-876F-6916B6547B29}.Release|Any CPU.Build.0 = Release|Any CPU
		{A52EC7EB-FDC1-4B6D-B220-0CF4A5FC081F}.Debug|Any CPU.ActiveCfg = Debug|Any CPU
		{A52EC7EB-FDC1-4B6D-B220-0CF4A5FC081F}.Debug|Any CPU.Build.0 = Debug|Any CPU
		{A52EC7EB-FDC1-4B6D-B220-0CF4A5FC081F}.Release|Any CPU.ActiveCfg = Release|Any CPU
		{A52EC7EB-FDC1-4B6D-B220-0CF4A5FC081F}.Release|Any CPU.Build.0 = Release|Any CPU
		{F12BB430-7B72-4EA3-9637-18BA5D6C214D}.Debug|Any CPU.ActiveCfg = Debug|Any CPU
		{F12BB430-7B72-4EA3-9637-18BA5D6C214D}.Debug|Any CPU.Build.0 = Debug|Any CPU
		{F12BB430-7B72-4EA3-9637-18BA5D6C214D}.Release|Any CPU.ActiveCfg = Release|Any CPU
		{F12BB430-7B72-4EA3-9637-18BA5D6C214D}.Release|Any CPU.Build.0 = Release|Any CPU
		{0CADBC98-C547-4233-94E7-500F2D3CCF08}.Debug|Any CPU.ActiveCfg = Debug|Any CPU
		{0CADBC98-C547-4233-94E7-500F2D3CCF08}.Debug|Any CPU.Build.0 = Debug|Any CPU
		{0CADBC98-C547-4233-94E7-500F2D3CCF08}.Release|Any CPU.ActiveCfg = Release|Any CPU
		{0CADBC98-C547-4233-94E7-500F2D3CCF08}.Release|Any CPU.Build.0 = Release|Any CPU
	EndGlobalSection
	GlobalSection(SolutionProperties) = preSolution
		HideSolutionNode = FALSE
	EndGlobalSection
	GlobalSection(NestedProjects) = preSolution
		{3433709A-451F-4E3F-A762-EA4DCD5993DF} = {10A5CE46-C7EE-443C-B16A-5247316ECA05}
		{7B3F26B9-30FC-4EC7-876F-6916B6547B29} = {17BAE9D0-4E31-46EC-8501-5E9C26ECFAB8}
		{A52EC7EB-FDC1-4B6D-B220-0CF4A5FC081F} = {3A5CE51B-8B2A-428F-BE93-7818478078DD}
		{F12BB430-7B72-4EA3-9637-18BA5D6C214D} = {3A5CE51B-8B2A-428F-BE93-7818478078DD}
		{0CADBC98-C547-4233-94E7-500F2D3CCF08} = {3A5CE51B-8B2A-428F-BE93-7818478078DD}
	EndGlobalSection
	GlobalSection(ExtensibilityGlobals) = postSolution
		SolutionGuid = {04D7B2E9-AB54-40D0-93BE-176E224F1A82}
	EndGlobalSection
EndGlobal
